# THIS IS AN AUTOGENERATED FILE. DO NOT EDIT THIS FILE DIRECTLY.
# yarn lockfile v1


"@acme/api@^2.3.1":
  version "2.3.1"
  resolved "https://registry.yarnpkg.com/@acme/api/-/api-2.3.1.tgz#8f14ac6d9c8c1f2b6f3a7d5e6c9b0a1d3f5e7c9"
  integrity sha512-b18f49e79f32b4a1c4a4068fd11d1a2d01b1f0f8e7f05c9d2e3a4b5c6d7e8f9a0
  dependencies:
    left-pad "^1.3.0"

left-pad@^1.3.0:
  version "1.3.0"
  resolved "https://registry.yarnpkg.com/left-pad/-/left-pad-1.3.0.tgz#1fba07a2f5b1d17704e9a9f1e7f05"
  integrity sha512-1fba07a2f5b1d17704e9a9f1e7f05
